
Microsoft Visual Studio Solution File, Format Version 11.00
# Visual Studio 2010
Project("{FAE04EC0-301F-11D3-BF4B-00C04F79EFBC}") = "Assembly-CSharp", "Assembly-CSharp.csproj", "{7a030166-1cc5-6cf0-492c-7d81de214b58}"
EndProject
Project("{FAE04EC0-301F-11D3-BF4B-00C04F79EFBC}") = "Test.StateMachine.Editor", "Test.StateMachine.Editor.csproj", "{143da693-41d9-7f7d-2925-0593d13c3f0e}"
EndProject
Project("{FAE04EC0-301F-11D3-BF4B-00C04F79EFBC}") = "Test.StateMachine", "Test.StateMachine.csproj", "{c512789b-3668-7430-caad-fcbae9d827c3}"
EndProject
Project("{FAE04EC0-301F-11D3-BF4B-00C04F79EFBC}") = "Assembly-CSharp-Editor", "Assembly-CSharp-Editor.csproj", "{43f74770-a576-be22-2a3b-fa4ae54982db}"
EndProject
Global
	GlobalSection(SolutionConfigurationPlatforms) = preSolution
		Debug|Any CPU = Debug|Any CPU
	EndGlobalSection
	GlobalSection(ProjectConfigurationPlatforms) = postSolution
		{7a030166-1cc5-6cf0-492c-7d81de214b58}.Debug|Any CPU.ActiveCfg = Debug|Any CPU
		{7a030166-1cc5-6cf0-492c-7d81de214b58}.Debug|Any CPU.Build.0 = Debug|Any CPU
		{143da693-41d9-7f7d-2925-0593d13c3f0e}.Debug|Any CPU.ActiveCfg = Debug|Any CPU
		{143da693-41d9-7f7d-2925-0593d13c3f0e}.Debug|Any CPU.Build.0 = Debug|Any CPU
		{c512789b-3668-7430-caad-fcbae9d827c3}.Debug|Any CPU.ActiveCfg = Debug|Any CPU
		{c512789b-3668-7430-caad-fcbae9d827c3}.Debug|Any CPU.Build.0 = Debug|Any CPU
		{43f74770-a576-be22-2a3b-fa4ae54982db}.Debug|Any CPU.ActiveCfg = Debug|Any CPU
		{43f74770-a576-be22-2a3b-fa4ae54982db}.Debug|Any CPU.Build.0 = Debug|Any CPU
	EndGlobalSection
	GlobalSection(SolutionProperties) = preSolution
		HideSolutionNode = FALSE
	EndGlobalSection
EndGlobal
